Microsoft Visual Studio Solution File, Format Version 12.00
# Visual Studio 15
VisualStudioVersion = 15.0.27428.2015
MinimumVisualStudioVersion = 10.0.40219.1
Project("{9A19103F-16F7-4668-BE54-9A1E7A4F7556}") = "NOps", "NOps\NOps.csproj", "{A5D73420-2E6B-4AD4-80B9-85D8344FD8EF}"
EndProject
Project("{9A19103F-16F7-4668-BE54-9A1E7A4F7556}") = "NOps.Tests", "NOps.Tests\NOps.Tests.csproj", "{19F9C49B-960B-44F1-BDBB-14E474FA2014}"
EndProject
Global
	GlobalSection(SolutionConfigurationPlatforms) = preSolution
		Debug|Any CPU = Debug|Any CPU
		Debug|x64 = Debug|x64
		Debug|x86 = Debug|x86
		Release|Any CPU = Release|Any CPU
		Release|x64 = Release|x64
		Release|x86 = Release|x86
	EndGlobalSection
	GlobalSection(ProjectConfigurationPlatforms) = postSolution
		{A5D73420-2E6B-4AD4-80B9-85D8344FD8EF}.Debug|Any CPU.ActiveCfg = Debug|Any CPU
		{A5D73420-2E6B-4AD4-80B9-85D8344FD8EF}.Debug|Any CPU.Build.0 = Debug|Any CPU
		{A5D73420-2E6B-4AD4-80B9-85D8344FD8EF}.Debug|x64.ActiveCfg = Debug|Any CPU
		{A5D73420-2E6B-4AD4-80B9-85D8344FD8EF}.Debug|x64.Build.0 = Debug|Any CPU
		{A5D73420-2E6B-4AD4-80B9-85D8344FD8EF}.Debug|x86.ActiveCfg = Debug|Any CPU
		{A5D73420-2E6B-4AD4-80B9-85D8344FD8EF}.Debug|x86.Build.0 = Debug|Any CPU
		{A5D73420-2E6B-4AD4-80B9-85D8344FD8EF}.Release|Any CPU.ActiveCfg = Release|Any CPU
		{A5D73420-2E6B-4AD4-80B9-85D8344FD8EF}.Release|Any CPU.Build.0 = Release|Any CPU
		{A5D73420-2E6B-4AD4-80B9-85D8344FD8EF}.Release|x64.ActiveCfg = Release|Any CPU
		{A5D73420-2E6B-4AD4-80B9-85D8344FD8EF}.Release|x64.Build.0 = Release|Any CPU
		{A5D73420-2E6B-4AD4-80B9-85D8344FD8EF}.Release|x86.ActiveCfg = Release|Any CPU
		{A5D73420-2E6B-4AD4-80B9-85D8344FD8EF}.Release|x86.Build.0 = Release|Any CPU
		{19F9C49B-960B-44F1-BDBB-14E474FA2014}.Debug|Any CPU.ActiveCfg = Debug|Any CPU
		{19F9C49B-960B-44F1-BDBB-14E474FA2014}.Debug|Any CPU.Build.0 = Debug|Any CPU
		{19F9C49B-960B-44F1-BDBB-14E474FA2014}.Debug|x64.ActiveCfg = Debug|Any CPU
		{19F9C49B-960B-44F1-BDBB-14E474FA2014}.Debug|x64.Build.0 = Debug|Any CPU
		{19F9C49B-960B-44F1-BDBB-14E474FA2014}.Debug|x86.ActiveCfg = Debug|Any CPU
		{19F9C49B-960B-44F1-BDBB-14E474FA2014}.Debug|x86.Build.0 = Debug|Any CPU
		{19F9C49B-960B-44F1-BDBB-14E474FA2014}.Release|Any CPU.ActiveCfg = Release|Any CPU
		{19F9C49B-960B-44F1-BDBB-14E474FA2014}.Release|Any CPU.Build.0 = Release|Any CPU
		{19F9C49B-960B-44F1-BDBB-14E474FA2014}.Release|x64.ActiveCfg = Release|Any CPU
		{19F9C49B-960B-44F1-BDBB-14E474FA2014}.Release|x64.Build.0 = Release|Any CPU
		{19F9C49B-960B-44F1-BDBB-14E474FA2014}.Release|x86.ActiveCfg = Release|Any CPU
		{19F9C49B-960B-44F1-BDBB-14E474FA2014}.Release|x86.Build.0 = Release|Any CPU
	EndGlobalSection
	GlobalSection(SolutionProperties) = preSolution
		HideSolutionNode = FALSE
	EndGlobalSection
	GlobalSection(ExtensibilityGlobals) = postSolution
		SolutionGuid = {0A9E6759-00C6-4246-92AD-A5556F5CCB96}
	EndGlobalSection
EndGlobal
